
Microsoft Visual Studio Solution File, Format Version 12.00
# Visual Studio 15
VisualStudioVersion = 15.0.28010.2048
MinimumVisualStudioVersion = 10.0.40219.1
Project("{FAE04EC0-301F-11D3-BF4B-00C04F79EFBC}") = "TransactionScopeConsole", "TransactionScopeConsole\TransactionScopeConsole.csproj", "{A31599B6-5C7B-4981-A5F8-95E26E0DBACE}"
EndProject
Global
	GlobalSection(SolutionConfigurationPlatforms) = preSolution
		Debug|Any CPU = Debug|Any CPU
		Release|Any CPU = Release|Any CPU
	EndGlobalSection
	GlobalSection(ProjectConfigurationPlatforms) = postSolution
		{A31599B6-5C7B-4981-A5F8-95E26E0DBACE}.Debug|Any CPU.ActiveCfg = Debug|Any CPU
		{A31599B6-5C7B-4981-A5F8-95E26E0DBACE}.Debug|Any CPU.Build.0 = Debug|Any CPU
		{A31599B6-5C7B-4981-A5F8-95E26E0DBACE}.Release|Any CPU.ActiveCfg = Release|Any CPU
		{A31599B6-5C7B-4981-A5F8-95E26E0DBACE}.Release|Any CPU.Build.0 = Release|Any CPU
	EndGlobalSection
	GlobalSection(SolutionProperties) = preSolution
		HideSolutionNode = FALSE
	EndGlobalSection
	GlobalSection(ExtensibilityGlobals) = postSolution
		SolutionGuid = {86EB1275-0007-47C6-81CE-5E8AFA7B955A}
	EndGlobalSection
EndGlobal
